
Microsoft Visual Studio Solution File, Format Version 12.00
# Visual Studio Version 17
VisualStudioVersion = 17.14.36301.6
MinimumVisualStudioVersion = 10.0.40219.1
Project("{FAE04EC0-301F-11D3-BF4B-00C04F79EFBC}") = "WebApplication2", "WebApplication2\WebApplication2.csproj", "{F3B6D39D-20DA-40F7-8243-1DD0C3B14CC5}"
EndProject
Global
	GlobalSection(SolutionConfigurationPlatforms) = preSolution
		Debug|Any CPU = Debug|Any CPU
		Release|Any CPU = Release|Any CPU
	EndGlobalSection
	GlobalSection(ProjectConfigurationPlatforms) = postSolution
		{F3B6D39D-20DA-40F7-8243-1DD0C3B14CC5}.Debug|Any CPU.ActiveCfg = Debug|Any CPU
		{F3B6D39D-20DA-40F7-8243-1DD0C3B14CC5}.Debug|Any CPU.Build.0 = Debug|Any CPU
		{F3B6D39D-20DA-40F7-8243-1DD0C3B14CC5}.Release|Any CPU.ActiveCfg = Release|Any CPU
		{F3B6D39D-20DA-40F7-8243-1DD0C3B14CC5}.Release|Any CPU.Build.0 = Release|Any CPU
	EndGlobalSection
	GlobalSection(SolutionProperties) = preSolution
		HideSolutionNode = FALSE
	EndGlobalSection
	GlobalSection(ExtensibilityGlobals) = postSolution
		SolutionGuid = {5E5BDF3B-0715-4E79-8F94-74BA356F3ED2}
	EndGlobalSection
EndGlobal
